
Microsoft Visual Studio Solution File, Format Version 12.00
# Visual Studio 2013
VisualStudioVersion = 12.0.30501.0
MinimumVisualStudioVersion = 10.0.40219.1
Project("{FAE04EC0-301F-11D3-BF4B-00C04F79EFBC}") = "Developer.Dummy", "Developer.Dummy\Developer.Dummy.csproj", "{35D2641C-361A-43DF-A7BD-B0F3EAF802C0}"
EndProject
Project("{FAE04EC0-301F-11D3-BF4B-00C04F79EFBC}") = "PETCENTER.MANTENIMIENTO.AccesoDatos", "PETCENTER.MANTENIMIENTO.AccesoDatos\PETCENTER.MANTENIMIENTO.AccesoDatos.csproj", "{052F91F4-91D9-4AEE-8C1F-4FF6C3DDDD7D}"
EndProject
Project("{FAE04EC0-301F-11D3-BF4B-00C04F79EFBC}") = "PETCENTER.MANTENIMIENTO.AgenteServicios", "PETCENTER.MANTENIMIENTO.AgenteServicios\PETCENTER.MANTENIMIENTO.AgenteServicios.csproj", "{26B45D1A-14A8-416B-A28D-D01F590F620D}"
EndProject
Project("{FAE04EC0-301F-11D3-BF4B-00C04F79EFBC}") = "PETCENTER.MANTENIMIENTO.Entidades", "PETCENTER.MANTENIMIENTO.Entidades\PETCENTER.MANTENIMIENTO.Entidades.csproj", "{5BB581D9-85DC-4698-86F0-7498A06B3FA8}"
EndProject
Project("{FAE04EC0-301F-11D3-BF4B-00C04F79EFBC}") = "PETCENTER.MANTENIMIENTO.Framework", "PETCENTER.MANTENIMIENTO.Framework\PETCENTER.MANTENIMIENTO.Framework.csproj", "{F1FE55A3-302E-447D-A8C8-206A99FC8F22}"
EndProject
Project("{FAE04EC0-301F-11D3-BF4B-00C04F79EFBC}") = "PETCENTER.MANTENIMIENTO.HostServicioWCF", "PETCENTER.MANTENIMIENTO.HostServicioWCF\PETCENTER.MANTENIMIENTO.HostServicioWCF.csproj", "{EF7CBE23-3F07-4FF2-AACE-FEC91B836367}"
EndProject
Project("{FAE04EC0-301F-11D3-BF4B-00C04F79EFBC}") = "PETCENTER.MANTENIMIENTO.LogicaNegocio", "PETCENTER.MANTENIMIENTO.LogicaNegocio\PETCENTER.MANTENIMIENTO.LogicaNegocio.csproj", "{F9DED96C-BFC2-48CF-B0A5-E5A8D895F8A2}"
EndProject
Project("{FAE04EC0-301F-11D3-BF4B-00C04F79EFBC}") = "PETCENTER.MANTENIMIENTO.Reportes", "PETCENTER.MANTENIMIENTO.Reportes\PETCENTER.MANTENIMIENTO.Reportes.csproj", "{B70B6184-6D75-416B-B195-D3894190CF9F}"
EndProject
Project("{FAE04EC0-301F-11D3-BF4B-00C04F79EFBC}") = "PETCENTER.MANTENIMIENTO.ServicioWCF", "PETCENTER.MANTENIMIENTO.ServicioWCF\PETCENTER.MANTENIMIENTO.ServicioWCF.csproj", "{15B3E0D2-6217-493A-A690-158C497F5318}"
EndProject
Project("{FAE04EC0-301F-11D3-BF4B-00C04F79EFBC}") = "PETCENTER.MANTENIMIENTO.DTO", "PETCENTER.MANTENIMIENTO.DTO\PETCENTER.MANTENIMIENTO.DTO.csproj", "{8C6A55A9-8EF2-455A-B750-E6BC08DD52A4}"
EndProject
Global
	GlobalSection(SolutionConfigurationPlatforms) = preSolution
		Debug|Any CPU = Debug|Any CPU
		DebugServicios|Any CPU = DebugServicios|Any CPU
		DebugWeb|Any CPU = DebugWeb|Any CPU
		Release|Any CPU = Release|Any CPU
	EndGlobalSection
	GlobalSection(ProjectConfigurationPlatforms) = postSolution
		{35D2641C-361A-43DF-A7BD-B0F3EAF802C0}.Debug|Any CPU.ActiveCfg = Debug|Any CPU
		{35D2641C-361A-43DF-A7BD-B0F3EAF802C0}.Debug|Any CPU.Build.0 = Debug|Any CPU
		{35D2641C-361A-43DF-A7BD-B0F3EAF802C0}.DebugServicios|Any CPU.ActiveCfg = Debug|Any CPU
		{35D2641C-361A-43DF-A7BD-B0F3EAF802C0}.DebugServicios|Any CPU.Build.0 = Debug|Any CPU
		{35D2641C-361A-43DF-A7BD-B0F3EAF802C0}.DebugWeb|Any CPU.ActiveCfg = Debug|Any CPU
		{35D2641C-361A-43DF-A7BD-B0F3EAF802C0}.DebugWeb|Any CPU.Build.0 = Debug|Any CPU
		{35D2641C-361A-43DF-A7BD-B0F3EAF802C0}.Release|Any CPU.ActiveCfg = Release|Any CPU
		{35D2641C-361A-43DF-A7BD-B0F3EAF802C0}.Release|Any CPU.Build.0 = Release|Any CPU
		{052F91F4-91D9-4AEE-8C1F-4FF6C3DDDD7D}.Debug|Any CPU.ActiveCfg = Debug|Any CPU
		{052F91F4-91D9-4AEE-8C1F-4FF6C3DDDD7D}.Debug|Any CPU.Build.0 = Debug|Any CPU
		{052F91F4-91D9-4AEE-8C1F-4FF6C3DDDD7D}.DebugServicios|Any CPU.ActiveCfg = Debug|Any CPU
		{052F91F4-91D9-4AEE-8C1F-4FF6C3DDDD7D}.DebugServicios|Any CPU.Build.0 = Debug|Any CPU
		{052F91F4-91D9-4AEE-8C1F-4FF6C3DDDD7D}.DebugWeb|Any CPU.ActiveCfg = Debug|Any CPU
		{052F91F4-91D9-4AEE-8C1F-4FF6C3DDDD7D}.DebugWeb|Any CPU.Build.0 = Debug|Any CPU
		{052F91F4-91D9-4AEE-8C1F-4FF6C3DDDD7D}.Release|Any CPU.ActiveCfg = Release|Any CPU
		{052F91F4-91D9-4AEE-8C1F-4FF6C3DDDD7D}.Release|Any CPU.Build.0 = Release|Any CPU
		{26B45D1A-14A8-416B-A28D-D01F590F620D}.Debug|Any CPU.ActiveCfg = Debug|Any CPU
		{26B45D1A-14A8-416B-A28D-D01F590F620D}.Debug|Any CPU.Build.0 = Debug|Any CPU
		{26B45D1A-14A8-416B-A28D-D01F590F620D}.DebugServicios|Any CPU.ActiveCfg = Debug|Any CPU
		{26B45D1A-14A8-416B-A28D-D01F590F620D}.DebugServicios|Any CPU.Build.0 = Debug|Any CPU
		{26B45D1A-14A8-416B-A28D-D01F590F620D}.DebugWeb|Any CPU.ActiveCfg = Debug|Any CPU
		{26B45D1A-14A8-416B-A28D-D01F590F620D}.DebugWeb|Any CPU.Build.0 = Debug|Any CPU
		{26B45D1A-14A8-416B-A28D-D01F590F620D}.Release|Any CPU.ActiveCfg = Release|Any CPU
		{26B45D1A-14A8-416B-A28D-D01F590F620D}.Release|Any CPU.Build.0 = Release|Any CPU
		{5BB581D9-85DC-4698-86F0-7498A06B3FA8}.Debug|Any CPU.ActiveCfg = Debug|Any CPU
		{5BB581D9-85DC-4698-86F0-7498A06B3FA8}.Debug|Any CPU.Build.0 = Debug|Any CPU
		{5BB581D9-85DC-4698-86F0-7498A06B3FA8}.DebugServicios|Any CPU.ActiveCfg = Debug|Any CPU
		{5BB581D9-85DC-4698-86F0-7498A06B3FA8}.DebugServicios|Any CPU.Build.0 = Debug|Any CPU
		{5BB581D9-85DC-4698-86F0-7498A06B3FA8}.DebugWeb|Any CPU.ActiveCfg = Debug|Any CPU
		{5BB581D9-85DC-4698-86F0-7498A06B3FA8}.DebugWeb|Any CPU.Build.0 = Debug|Any CPU
		{5BB581D9-85DC-4698-86F0-7498A06B3FA8}.Release|Any CPU.ActiveCfg = Release|Any CPU
		{5BB581D9-85DC-4698-86F0-7498A06B3FA8}.Release|Any CPU.Build.0 = Release|Any CPU
		{F1FE55A3-302E-447D-A8C8-206A99FC8F22}.Debug|Any CPU.ActiveCfg = Debug|Any CPU
		{F1FE55A3-302E-447D-A8C8-206A99FC8F22}.Debug|Any CPU.Build.0 = Debug|Any CPU
		{F1FE55A3-302E-447D-A8C8-206A99FC8F22}.DebugServicios|Any CPU.ActiveCfg = Debug|Any CPU
		{F1FE55A3-302E-447D-A8C8-206A99FC8F22}.DebugServicios|Any CPU.Build.0 = Debug|Any CPU
		{F1FE55A3-302E-447D-A8C8-206A99FC8F22}.DebugWeb|Any CPU.ActiveCfg = Debug|Any CPU
		{F1FE55A3-302E-447D-A8C8-206A99FC8F22}.DebugWeb|Any CPU.Build.0 = Debug|Any CPU
		{F1FE55A3-302E-447D-A8C8-206A99FC8F22}.Release|Any CPU.ActiveCfg = Release|Any CPU
		{F1FE55A3-302E-447D-A8C8-206A99FC8F22}.Release|Any CPU.Build.0 = Release|Any CPU
		{EF7CBE23-3F07-4FF2-AACE-FEC91B836367}.Debug|Any CPU.ActiveCfg = Debug|Any CPU
		{EF7CBE23-3F07-4FF2-AACE-FEC91B836367}.Debug|Any CPU.Build.0 = Debug|Any CPU
		{EF7CBE23-3F07-4FF2-AACE-FEC91B836367}.DebugServicios|Any CPU.ActiveCfg = Debug|Any CPU
		{EF7CBE23-3F07-4FF2-AACE-FEC91B836367}.DebugServicios|Any CPU.Build.0 = Debug|Any CPU
		{EF7CBE23-3F07-4FF2-AACE-FEC91B836367}.DebugWeb|Any CPU.ActiveCfg = Debug|Any CPU
		{EF7CBE23-3F07-4FF2-AACE-FEC91B836367}.DebugWeb|Any CPU.Build.0 = Debug|Any CPU
		{EF7CBE23-3F07-4FF2-AACE-FEC91B836367}.Release|Any CPU.ActiveCfg = Release|Any CPU
		{EF7CBE23-3F07-4FF2-AACE-FEC91B836367}.Release|Any CPU.Build.0 = Release|Any CPU
		{F9DED96C-BFC2-48CF-B0A5-E5A8D895F8A2}.Debug|Any CPU.ActiveCfg = Debug|Any CPU
		{F9DED96C-BFC2-48CF-B0A5-E5A8D895F8A2}.Debug|Any CPU.Build.0 = Debug|Any CPU
		{F9DED96C-BFC2-48CF-B0A5-E5A8D895F8A2}.DebugServicios|Any CPU.ActiveCfg = Debug|Any CPU
		{F9DED96C-BFC2-48CF-B0A5-E5A8D895F8A2}.DebugServicios|Any CPU.Build.0 = Debug|Any CPU
		{F9DED96C-BFC2-48CF-B0A5-E5A8D895F8A2}.DebugWeb|Any CPU.ActiveCfg = Debug|Any CPU
		{F9DED96C-BFC2-48CF-B0A5-E5A8D895F8A2}.DebugWeb|Any CPU.Build.0 = Debug|Any CPU
		{F9DED96C-BFC2-48CF-B0A5-E5A8D895F8A2}.Release|Any CPU.ActiveCfg = Release|Any CPU
		{F9DED96C-BFC2-48CF-B0A5-E5A8D895F8A2}.Release|Any CPU.Build.0 = Release|Any CPU
		{B70B6184-6D75-416B-B195-D3894190CF9F}.Debug|Any CPU.ActiveCfg = Debug|Any CPU
		{B70B6184-6D75-416B-B195-D3894190CF9F}.Debug|Any CPU.Build.0 = Debug|Any CPU
		{B70B6184-6D75-416B-B195-D3894190CF9F}.DebugServicios|Any CPU.ActiveCfg = Debug|Any CPU
		{B70B6184-6D75-416B-B195-D3894190CF9F}.DebugServicios|Any CPU.Build.0 = Debug|Any CPU
		{B70B6184-6D75-416B-B195-D3894190CF9F}.DebugWeb|Any CPU.ActiveCfg = Debug|Any CPU
		{B70B6184-6D75-416B-B195-D3894190CF9F}.DebugWeb|Any CPU.Build.0 = Debug|Any CPU
		{B70B6184-6D75-416B-B195-D3894190CF9F}.Release|Any CPU.ActiveCfg = Release|Any CPU
		{B70B6184-6D75-416B-B195-D3894190CF9F}.Release|Any CPU.Build.0 = Release|Any CPU
		{15B3E0D2-6217-493A-A690-158C497F5318}.Debug|Any CPU.ActiveCfg = Debug|Any CPU
		{15B3E0D2-6217-493A-A690-158C497F5318}.Debug|Any CPU.Build.0 = Debug|Any CPU
		{15B3E0D2-6217-493A-A690-158C497F5318}.DebugServicios|Any CPU.ActiveCfg = Debug|Any CPU
		{15B3E0D2-6217-493A-A690-158C497F5318}.DebugServicios|Any CPU.Build.0 = Debug|Any CPU
		{15B3E0D2-6217-493A-A690-158C497F5318}.DebugWeb|Any CPU.ActiveCfg = Debug|Any CPU
		{15B3E0D2-6217-493A-A690-158C497F5318}.DebugWeb|Any CPU.Build.0 = Debug|Any CPU
		{15B3E0D2-6217-493A-A690-158C497F5318}.Release|Any CPU.ActiveCfg = Release|Any CPU
		{15B3E0D2-6217-493A-A690-158C497F5318}.Release|Any CPU.Build.0 = Release|Any CPU
		{8C6A55A9-8EF2-455A-B750-E6BC08DD52A4}.Debug|Any CPU.ActiveCfg = Debug|Any CPU
		{8C6A55A9-8EF2-455A-B750-E6BC08DD52A4}.Debug|Any CPU.Build.0 = Debug|Any CPU
		{8C6A55A9-8EF2-455A-B750-E6BC08DD52A4}.DebugServicios|Any CPU.ActiveCfg = Debug|Any CPU
		{8C6A55A9-8EF2-455A-B750-E6BC08DD52A4}.DebugServicios|Any CPU.Build.0 = Debug|Any CPU
		{8C6A55A9-8EF2-455A-B750-E6BC08DD52A4}.DebugWeb|Any CPU.ActiveCfg = Debug|Any CPU
		{8C6A55A9-8EF2-455A-B750-E6BC08DD52A4}.DebugWeb|Any CPU.Build.0 = Debug|Any CPU
		{8C6A55A9-8EF2-455A-B750-E6BC08DD52A4}.Release|Any CPU.ActiveCfg = Release|Any CPU
		{8C6A55A9-8EF2-455A-B750-E6BC08DD52A4}.Release|Any CPU.Build.0 = Release|Any CPU
	EndGlobalSection
	GlobalSection(SolutionProperties) = preSolution
		HideSolutionNode = FALSE
	EndGlobalSection
EndGlobal
